
Microsoft Visual Studio Solution File, Format Version 12.00
# Visual Studio 15
VisualStudioVersion = 15.0.26124.0
MinimumVisualStudioVersion = 15.0.26124.0
Project("{FAE04EC0-301F-11D3-BF4B-00C04F79EFBC}") = "auth-server", "auth-server\auth-server.csproj", "{81D2781A-469B-478C-8EA7-6DA08B8468CC}"
EndProject
Project("{FAE04EC0-301F-11D3-BF4B-00C04F79EFBC}") = "auth-server-unit-tests", "auth-server-unit-tests\auth-server-unit-tests.csproj", "{9CB010AA-A6CF-4676-ADD4-A6247101928F}"
EndProject
Project("{FAE04EC0-301F-11D3-BF4B-00C04F79EFBC}") = "auth-server-integration-tests", "auth-server-integration-tests\auth-server-integration-tests.csproj", "{FDB099F7-EE76-4670-B1BB-3B3CB760845F}"
EndProject
Project("{2150E333-8FDC-42A3-9474-1A3956D46DE8}") = "sample-clients", "sample-clients", "{2A157541-963A-41CE-B80B-9ADD165FF6B6}"
EndProject
Project("{FAE04EC0-301F-11D3-BF4B-00C04F79EFBC}") = "sample-client-mvc", "sample-clients\mvc\sample-client-mvc.csproj", "{AA51C764-A848-4A09-AD32-6E7F4CD74D7F}"
EndProject
Global
	GlobalSection(SolutionProperties) = preSolution
		HideSolutionNode = FALSE
	EndGlobalSection
	GlobalSection(SolutionConfigurationPlatforms) = preSolution
		Debug|Any CPU = Debug|Any CPU
		Debug|x64 = Debug|x64
		Debug|x86 = Debug|x86
		Release|Any CPU = Release|Any CPU
		Release|x64 = Release|x64
		Release|x86 = Release|x86
	EndGlobalSection
	GlobalSection(ProjectConfigurationPlatforms) = postSolution
		{81D2781A-469B-478C-8EA7-6DA08B8468CC}.Debug|Any CPU.ActiveCfg = Debug|Any CPU
		{81D2781A-469B-478C-8EA7-6DA08B8468CC}.Debug|Any CPU.Build.0 = Debug|Any CPU
		{81D2781A-469B-478C-8EA7-6DA08B8468CC}.Debug|x64.ActiveCfg = Debug|Any CPU
		{81D2781A-469B-478C-8EA7-6DA08B8468CC}.Debug|x64.Build.0 = Debug|Any CPU
		{81D2781A-469B-478C-8EA7-6DA08B8468CC}.Debug|x86.ActiveCfg = Debug|Any CPU
		{81D2781A-469B-478C-8EA7-6DA08B8468CC}.Debug|x86.Build.0 = Debug|Any CPU
		{81D2781A-469B-478C-8EA7-6DA08B8468CC}.Release|Any CPU.ActiveCfg = Release|Any CPU
		{81D2781A-469B-478C-8EA7-6DA08B8468CC}.Release|Any CPU.Build.0 = Release|Any CPU
		{81D2781A-469B-478C-8EA7-6DA08B8468CC}.Release|x64.ActiveCfg = Release|Any CPU
		{81D2781A-469B-478C-8EA7-6DA08B8468CC}.Release|x64.Build.0 = Release|Any CPU
		{81D2781A-469B-478C-8EA7-6DA08B8468CC}.Release|x86.ActiveCfg = Release|Any CPU
		{81D2781A-469B-478C-8EA7-6DA08B8468CC}.Release|x86.Build.0 = Release|Any CPU
		{9CB010AA-A6CF-4676-ADD4-A6247101928F}.Debug|Any CPU.ActiveCfg = Debug|Any CPU
		{9CB010AA-A6CF-4676-ADD4-A6247101928F}.Debug|Any CPU.Build.0 = Debug|Any CPU
		{9CB010AA-A6CF-4676-ADD4-A6247101928F}.Debug|x64.ActiveCfg = Debug|Any CPU
		{9CB010AA-A6CF-4676-ADD4-A6247101928F}.Debug|x64.Build.0 = Debug|Any CPU
		{9CB010AA-A6CF-4676-ADD4-A6247101928F}.Debug|x86.ActiveCfg = Debug|Any CPU
		{9CB010AA-A6CF-4676-ADD4-A6247101928F}.Debug|x86.Build.0 = Debug|Any CPU
		{9CB010AA-A6CF-4676-ADD4-A6247101928F}.Release|Any CPU.ActiveCfg = Release|Any CPU
		{9CB010AA-A6CF-4676-ADD4-A6247101928F}.Release|Any CPU.Build.0 = Release|Any CPU
		{9CB010AA-A6CF-4676-ADD4-A6247101928F}.Release|x64.ActiveCfg = Release|Any CPU
		{9CB010AA-A6CF-4676-ADD4-A6247101928F}.Release|x64.Build.0 = Release|Any CPU
		{9CB010AA-A6CF-4676-ADD4-A6247101928F}.Release|x86.ActiveCfg = Release|Any CPU
		{9CB010AA-A6CF-4676-ADD4-A6247101928F}.Release|x86.Build.0 = Release|Any CPU
		{FDB099F7-EE76-4670-B1BB-3B3CB760845F}.Debug|Any CPU.ActiveCfg = Debug|Any CPU
		{FDB099F7-EE76-4670-B1BB-3B3CB760845F}.Debug|Any CPU.Build.0 = Debug|Any CPU
		{FDB099F7-EE76-4670-B1BB-3B3CB760845F}.Debug|x64.ActiveCfg = Debug|Any CPU
		{FDB099F7-EE76-4670-B1BB-3B3CB760845F}.Debug|x64.Build.0 = Debug|Any CPU
		{FDB099F7-EE76-4670-B1BB-3B3CB760845F}.Debug|x86.ActiveCfg = Debug|Any CPU
		{FDB099F7-EE76-4670-B1BB-3B3CB760845F}.Debug|x86.Build.0 = Debug|Any CPU
		{FDB099F7-EE76-4670-B1BB-3B3CB760845F}.Release|Any CPU.ActiveCfg = Release|Any CPU
		{FDB099F7-EE76-4670-B1BB-3B3CB760845F}.Release|Any CPU.Build.0 = Release|Any CPU
		{FDB099F7-EE76-4670-B1BB-3B3CB760845F}.Release|x64.ActiveCfg = Release|Any CPU
		{FDB099F7-EE76-4670-B1BB-3B3CB760845F}.Release|x64.Build.0 = Release|Any CPU
		{FDB099F7-EE76-4670-B1BB-3B3CB760845F}.Release|x86.ActiveCfg = Release|Any CPU
		{FDB099F7-EE76-4670-B1BB-3B3CB760845F}.Release|x86.Build.0 = Release|Any CPU
		{AA51C764-A848-4A09-AD32-6E7F4CD74D7F}.Debug|Any CPU.ActiveCfg = Debug|Any CPU
		{AA51C764-A848-4A09-AD32-6E7F4CD74D7F}.Debug|Any CPU.Build.0 = Debug|Any CPU
		{AA51C764-A848-4A09-AD32-6E7F4CD74D7F}.Debug|x64.ActiveCfg = Debug|Any CPU
		{AA51C764-A848-4A09-AD32-6E7F4CD74D7F}.Debug|x64.Build.0 = Debug|Any CPU
		{AA51C764-A848-4A09-AD32-6E7F4CD74D7F}.Debug|x86.ActiveCfg = Debug|Any CPU
		{AA51C764-A848-4A09-AD32-6E7F4CD74D7F}.Debug|x86.Build.0 = Debug|Any CPU
		{AA51C764-A848-4A09-AD32-6E7F4CD74D7F}.Release|Any CPU.ActiveCfg = Release|Any CPU
		{AA51C764-A848-4A09-AD32-6E7F4CD74D7F}.Release|Any CPU.Build.0 = Release|Any CPU
		{AA51C764-A848-4A09-AD32-6E7F4CD74D7F}.Release|x64.ActiveCfg = Release|Any CPU
		{AA51C764-A848-4A09-AD32-6E7F4CD74D7F}.Release|x64.Build.0 = Release|Any CPU
		{AA51C764-A848-4A09-AD32-6E7F4CD74D7F}.Release|x86.ActiveCfg = Release|Any CPU
		{AA51C764-A848-4A09-AD32-6E7F4CD74D7F}.Release|x86.Build.0 = Release|Any CPU
	EndGlobalSection
	GlobalSection(NestedProjects) = preSolution
		{AA51C764-A848-4A09-AD32-6E7F4CD74D7F} = {2A157541-963A-41CE-B80B-9ADD165FF6B6}
	EndGlobalSection
EndGlobal
